
Microsoft Visual Studio Solution File, Format Version 12.00
# Visual Studio 14
VisualStudioVersion = 14.0.25420.1
MinimumVisualStudioVersion = 10.0.40219.1
Project("{FAE04EC0-301F-11D3-BF4B-00C04F79EFBC}") = "Auto_send_platform", "Auto_send_platform\Auto_send_platform.csproj", "{81BD8B2A-939A-479D-A72F-3CC2AEA3032E}"
EndProject
Global
	GlobalSection(SolutionConfigurationPlatforms) = preSolution
		Debug|Any CPU = Debug|Any CPU
		Debug|x86 = Debug|x86
		Release|Any CPU = Release|Any CPU
		Release|x86 = Release|x86
	EndGlobalSection
	GlobalSection(ProjectConfigurationPlatforms) = postSolution
		{81BD8B2A-939A-479D-A72F-3CC2AEA3032E}.Debug|Any CPU.ActiveCfg = Debug|Any CPU
		{81BD8B2A-939A-479D-A72F-3CC2AEA3032E}.Debug|Any CPU.Build.0 = Debug|Any CPU
		{81BD8B2A-939A-479D-A72F-3CC2AEA3032E}.Debug|x86.ActiveCfg = Debug|x86
		{81BD8B2A-939A-479D-A72F-3CC2AEA3032E}.Debug|x86.Build.0 = Debug|x86
		{81BD8B2A-939A-479D-A72F-3CC2AEA3032E}.Release|Any CPU.ActiveCfg = Release|Any CPU
		{81BD8B2A-939A-479D-A72F-3CC2AEA3032E}.Release|Any CPU.Build.0 = Release|Any CPU
		{81BD8B2A-939A-479D-A72F-3CC2AEA3032E}.Release|x86.ActiveCfg = Release|x86
		{81BD8B2A-939A-479D-A72F-3CC2AEA3032E}.Release|x86.Build.0 = Release|x86
	EndGlobalSection
	GlobalSection(SolutionProperties) = preSolution
		HideSolutionNode = FALSE
	EndGlobalSection
EndGlobal
